// !$*UTF8*$!
{
	archiveVersion = 1;
	classes = {
	};
	objectVersion = 46;
	objects = {

/* Begin PBXBuildFile section */
		1796CF381EFBBD3B00A1BB6C /* MSVLivestreamFeedObject.swift in Sources */ = {isa = PBXBuildFile; fileRef = 1796CF371EFBBD3B00A1BB6C /* MSVLivestreamFeedObject.swift */; };
		1796CF3B1EFC093000A1BB6C /* MSVWaitTableViewCell.swift in Sources */ = {isa = PBXBuildFile; fileRef = 1796CF3A1EFC093000A1BB6C /* MSVWaitTableViewCell.swift */; };
		95B21AA81EFAC420009F903A /* AppDelegate.swift in Sources */ = {isa = PBXBuildFile; fileRef = 95B21AA71EFAC420009F903A /* AppDelegate.swift */; };
		95B21AAB1EFAC420009F903A /* MSVViewController.swift in Sources */ = {isa = PBXBuildFile; fileRef = 95B21AAA1EFAC420009F903A /* MSVViewController.swift */; };
		95B21AAE1EFAC420009F903A /* Main.storyboard in Resources */ = {isa = PBXBuildFile; fileRef = 95B21AAC1EFAC420009F903A /* Main.storyboard */; };
		95B21AB01EFAC420009F903A /* Assets.xcassets in Resources */ = {isa = PBXBuildFile; fileRef = 95B21AAF1EFAC420009F903A /* Assets.xcassets */; };
		95B21AB31EFAC420009F903A /* LaunchScreen.storyboard in Resources */ = {isa = PBXBuildFile; fileRef = 95B21AB11EFAC420009F903A /* LaunchScreen.storyboard */; };
		95B21AE21EFAC718009F903A /* MSVTextTableViewCell.swift in Sources */ = {isa = PBXBuildFile; fileRef = 95B21AE11EFAC718009F903A /* MSVTextTableViewCell.swift */; };
/* End PBXBuildFile section */

/* Begin PBXFileReference section */
		1796CF371EFBBD3B00A1BB6C /* MSVLivestreamFeedObject.swift */ = {isa = PBXFileReference; fileEncoding = 4; lastKnownFileType = sourcecode.swift; path = MSVLivestreamFeedObject.swift; sourceTree = "<group>"; };
		1796CF3A1EFC093000A1BB6C /* MSVWaitTableViewCell.swift */ = {isa = PBXFileReference; fileEncoding = 4; lastKnownFileType = sourcecode.swift; path = MSVWaitTableViewCell.swift; sourceTree = "<group>"; };
		95B21AA01EFAC420009F903A /* msv-livestream-stub.app */ = {isa = PBXFileReference; explicitFileType = wrapper.application; includeInIndex = 0; path = "msv-livestream-stub.app"; sourceTree = BUILT_PRODUCTS_DIR; };
		95B21AA71EFAC420009F903A /* AppDelegate.swift */ = {isa = PBXFileReference; lastKnownFileType = sourcecode.swift; path = AppDelegate.swift; sourceTree = "<group>"; };
		95B21AAA1EFAC420009F903A /* MSVViewController.swift */ = {isa = PBXFileReference; lastKnownFileType = sourcecode.swift; path = MSVViewController.swift; sourceTree = "<group>"; };
		95B21AAD1EFAC420009F903A /* Base */ = {isa = PBXFileReference; lastKnownFileType = file.storyboard; name = Base; path = Base.lproj/Main.storyboard; sourceTree = "<group>"; };
		95B21AAF1EFAC420009F903A /* Assets.xcassets */ = {isa = PBXFileReference; lastKnownFileType = folder.assetcatalog; path = Assets.xcassets; sourceTree = "<group>"; };
		95B21AB21EFAC420009F903A /* Base */ = {isa = PBXFileReference; lastKnownFileType = file.storyboard; name = Base; path = Base.lproj/LaunchScreen.storyboard; sourceTree = "<group>"; };
		95B21AB41EFAC420009F903A /* Info.plist */ = {isa = PBXFileReference; lastKnownFileType = text.plist.xml; path = Info.plist; sourceTree = "<group>"; };
		95B21AE11EFAC718009F903A /* MSVTextTableViewCell.swift */ = {isa = PBXFileReference; fileEncoding = 4; lastKnownFileType = sourcecode.swift; path = MSVTextTableViewCell.swift; sourceTree = "<group>"; };
/* End PBXFileReference section */

/* Begin PBXFrameworksBuildPhase section */
		95B21A9D1EFAC420009F903A /* Frameworks */ = {
			isa = PBXFrameworksBuildPhase;
			buildActionMask = 2147483647;
			files = (
			);
			runOnlyForDeploymentPostprocessing = 0;
		};
/* End PBXFrameworksBuildPhase section */

/* Begin PBXGroup section */
		95B21A971EFAC41F009F903A = {
			isa = PBXGroup;
			children = (
				95B21AA21EFAC420009F903A /* msv-livestream-stub */,
				95B21AA11EFAC420009F903A /* Products */,
			);
			sourceTree = "<group>";
		};
		95B21AA11EFAC420009F903A /* Products */ = {
			isa = PBXGroup;
			children = (
				95B21AA01EFAC420009F903A /* msv-livestream-stub.app */,
			);
			name = Products;
			sourceTree = "<group>";
		};
		95B21AA21EFAC420009F903A /* msv-livestream-stub */ = {
			isa = PBXGroup;
			children = (
				95B21AA71EFAC420009F903A /* AppDelegate.swift */,
				95B21AAA1EFAC420009F903A /* MSVViewController.swift */,
				95B21AE11EFAC718009F903A /* MSVTextTableViewCell.swift */,
				1796CF3A1EFC093000A1BB6C /* MSVWaitTableViewCell.swift */,
				1796CF371EFBBD3B00A1BB6C /* MSVLivestreamFeedObject.swift */,
				95B21AAC1EFAC420009F903A /* Main.storyboard */,
				95B21AAF1EFAC420009F903A /* Assets.xcassets */,
				95B21AB11EFAC420009F903A /* LaunchScreen.storyboard */,
				95B21AB41EFAC420009F903A /* Info.plist */,
				95B21AA31EFAC420009F903A /* Supporting Files */,
			);
			path = "msv-livestream-stub";
			sourceTree = "<group>";
		};
		95B21AA31EFAC420009F903A /* Supporting Files */ = {
			isa = PBXGroup;
			children = (
			);
			name = "Supporting Files";
			sourceTree = "<group>";
		};
/* End PBXGroup section */

/* Begin PBXNativeTarget section */
		95B21A9F1EFAC420009F903A /* msv-livestream-stub */ = {
			isa = PBXNativeTarget;
			buildConfigurationList = 95B21AB71EFAC420009F903A /* Build configuration list for PBXNativeTarget "msv-livestream-stub" */;
			buildPhases = (
				95B21A9C1EFAC420009F903A /* Sources */,
				95B21A9D1EFAC420009F903A /* Frameworks */,
				95B21A9E1EFAC420009F903A /* Resources */,
			);
			buildRules = (
			);
			dependencies = (
			);
			name = "msv-livestream-stub";
			productName = "msv-livestream-stub";
			productReference = 95B21AA01EFAC420009F903A /* msv-livestream-stub.app */;
			productType = "com.apple.product-type.application";
		};
/* End PBXNativeTarget section */

/* Begin PBXProject section */
		95B21A981EFAC41F009F903A /* Project object */ = {
			isa = PBXProject;
			attributes = {
				LastUpgradeCheck = 0830;
				ORGANIZATIONNAME = "Serge Moskalenko";
				TargetAttributes = {
					95B21A9F1EFAC420009F903A = {
						CreatedOnToolsVersion = 8.3.3;
						DevelopmentTeam = XU68B324A5;
						ProvisioningStyle = Automatic;
					};
				};
			};
			buildConfigurationList = 95B21A9B1EFAC41F009F903A /* Build configuration list for PBXProject "msv-livestream-stub" */;
			compatibilityVersion = "Xcode 3.2";
			developmentRegion = English;
			hasScannedForEncodings = 0;
			knownRegions = (
				en,
				Base,
			);
			mainGroup = 95B21A971EFAC41F009F903A;
			productRefGroup = 95B21AA11EFAC420009F903A /* Products */;
			projectDirPath = "";
			projectRoot = "";
			targets = (
				95B21A9F1EFAC420009F903A /* msv-livestream-stub */,
			);
		};
/* End PBXProject section */

/* Begin PBXResourcesBuildPhase section */
		95B21A9E1EFAC420009F903A /* Resources */ = {
			isa = PBXResourcesBuildPhase;
			buildActionMask = 2147483647;
			files = (
				95B21AB31EFAC420009F903A /* LaunchScreen.storyboard in Resources */,
				95B21AB01EFAC420009F903A /* Assets.xcassets in Resources */,
				95B21AAE1EFAC420009F903A /* Main.storyboard in Resources */,
			);
			runOnlyForDeploymentPostprocessing = 0;
		};
/* End PBXResourcesBuildPhase section */

/* Begin PBXSourcesBuildPhase section */
		95B21A9C1EFAC420009F903A /* Sources */ = {
			isa = PBXSourcesBuildPhase;
			buildActionMask = 2147483647;
			files = (
				95B21AAB1EFAC420009F903A /* MSVViewController.swift in Sources */,
				95B21AA81EFAC420009F903A /* AppDelegate.swift in Sources */,
				1796CF381EFBBD3B00A1BB6C /* MSVLivestreamFeedObject.swift in Sources */,
				95B21AE21EFAC718009F903A /* MSVTextTableViewCell.swift in Sources */,
				1796CF3B1EFC093000A1BB6C /* MSVWaitTableViewCell.swift in Sources */,
			);
			runOnlyForDeploymentPostprocessing = 0;
		};
/* End PBXSourcesBuildPhase section */

/* Begin PBXVariantGroup section */
		95B21AAC1EFAC420009F903A /* Main.storyboard */ = {
			isa = PBXVariantGroup;
			children = (
				95B21AAD1EFAC420009F903A /* Base */,
			);
			name = Main.storyboard;
			sourceTree = "<group>";
		};
		95B21AB11EFAC420009F903A /* LaunchScreen.storyboard */ = {
			isa = PBXVariantGroup;
			children = (
				95B21AB21EFAC420009F903A /* Base */,
			);
			name = LaunchScreen.storyboard;
			sourceTree = "<group>";
		};
/* End PBXVariantGroup section */

/* Begin XCBuildConfiguration section */
		95B21AB51EFAC420009F903A /* Debug */ = {
			isa = XCBuildConfiguration;
			buildSettings = {
				ALWAYS_SEARCH_USER_PATHS = NO;
				CLANG_ANALYZER_NONNULL = YES;
				CLANG_ANALYZER_NUMBER_OBJECT_CONVERSION = YES_AGGRESSIVE;
				CLANG_CXX_LANGUAGE_STANDARD = "gnu++0x";
				CLANG_CXX_LIBRARY = "libc++";
				CLANG_ENABLE_MODULES = YES;
				CLANG_ENABLE_OBJC_ARC = YES;
				CLANG_WARN_BOOL_CONVERSION = YES;
				CLANG_WARN_CONSTANT_CONVERSION = YES;
				CLANG_WARN_DIRECT_OBJC_ISA_USAGE = YES_ERROR;
				CLANG_WARN_DOCUMENTATION_COMMENTS = YES;
				CLANG_WARN_EMPTY_BODY = YES;
				CLANG_WARN_ENUM_CONVERSION = YES;
				CLANG_WARN_INFINITE_RECURSION = YES;
				CLANG_WARN_INT_CONVERSION = YES;
				CLANG_WARN_OBJC_ROOT_CLASS = YES_ERROR;
				CLANG_WARN_SUSPICIOUS_MOVE = YES;
				CLANG_WARN_UNREACHABLE_CODE = YES;
				CLANG_WARN__DUPLICATE_METHOD_MATCH = YES;
				"CODE_SIGN_IDENTITY[sdk=iphoneos*]" = "iPhone Developer";
				COPY_PHASE_STRIP = NO;
				DEBUG_INFORMATION_FORMAT = dwarf;
				ENABLE_STRICT_OBJC_MSGSEND = YES;
				ENABLE_TESTABILITY = YES;
				GCC_C_LANGUAGE_STANDARD = gnu99;
				GCC_DYNAMIC_NO_PIC = NO;
				GCC_NO_COMMON_BLOCKS = YES;
				GCC_OPTIMIZATION_LEVEL = 0;
				GCC_PREPROCESSOR_DEFINITIONS = (
					"DEBUG=1",
					"$(inherited)",
				);
				GCC_WARN_64_TO_32_BIT_CONVERSION = YES;
				GCC_WARN_ABOUT_RETURN_TYPE = YES_ERROR;
				GCC_WARN_UNDECLARED_SELECTOR = YES;
				GCC_WARN_UNINITIALIZED_AUTOS = YES_AGGRESSIVE;
				GCC_WARN_UNUSED_FUNCTION = YES;
				GCC_WARN_UNUSED_VARIABLE = YES;
				IPHONEOS_DEPLOYMENT_TARGET = 10.3;
				MTL_ENABLE_DEBUG_INFO = YES;
				ONLY_ACTIVE_ARCH = YES;
				SDKROOT = iphoneos;
				TARGETED_DEVICE_FAMILY = "1,2";
			};
			name = Debug;
		};
		95B21AB61EFAC420009F903A /* Release */ = {
			isa = XCBuildConfiguration;
			buildSettings = {
				ALWAYS_SEARCH_USER_PATHS = NO;
				CLANG_ANALYZER_NONNULL = YES;
				CLANG_ANALYZER_NUMBER_OBJECT_CONVERSION = YES_AGGRESSIVE;
				CLANG_CXX_LANGUAGE_STANDARD = "gnu++0x";
				CLANG_CXX_LIBRARY = "libc++";
				CLANG_ENABLE_MODULES = YES;
				CLANG_ENABLE_OBJC_ARC = YES;
				CLANG_WARN_BOOL_CONVERSION = YES;
				CLANG_WARN_CONSTANT_CONVERSION = YES;
				CLANG_WARN_DIRECT_OBJC_ISA_USAGE = YES_ERROR;
				CLANG_WARN_DOCUMENTATION_COMMENTS = YES;
				CLANG_WARN_EMPTY_BODY = YES;
				CLANG_WARN_ENUM_CONVERSION = YES;
				CLANG_WARN_INFINITE_RECURSION = YES;
				CLANG_WARN_INT_CONVERSION = YES;
				CLANG_WARN_OBJC_ROOT_CLASS = YES_ERROR;
				CLANG_WARN_SUSPICIOUS_MOVE = YES;
				CLANG_WARN_UNREACHABLE_CODE = YES;
				CLANG_WARN__DUPLICATE_METHOD_MATCH = YES;
				"CODE_SIGN_IDENTITY[sdk=iphoneos*]" = "iPhone Developer";
				COPY_PHASE_STRIP = NO;
				DEBUG_INFORMATION_FORMAT = "dwarf-with-dsym";
				ENABLE_NS_ASSERTIONS = NO;
				ENABLE_STRICT_OBJC_MSGSEND = YES;
				GCC_C_LANGUAGE_STANDARD = gnu99;
				GCC_NO_COMMON_BLOCKS = YES;
				GCC_WARN_64_TO_32_BIT_CONVERSION = YES;
				GCC_WARN_ABOUT_RETURN_TYPE = YES_ERROR;
				GCC_WARN_UNDECLARED_SELECTOR = YES;
				GCC_WARN_UNINITIALIZED_AUTOS = YES_AGGRESSIVE;
				GCC_WARN_UNUSED_FUNCTION = YES;
				GCC_WARN_UNUSED_VARIABLE = YES;
				IPHONEOS_DEPLOYMENT_TARGET = 10.3;
				MTL_ENABLE_DEBUG_INFO = NO;
				SDKROOT = iphoneos;
				TARGETED_DEVICE_FAMILY = "1,2";
				VALIDATE_PRODUCT = YES;
			};
			name = Release;
		};
		95B21AB81EFAC420009F903A /* Debug */ = {
			isa = XCBuildConfiguration;
			buildSettings = {
				ASSETCATALOG_COMPILER_APPICON_NAME = AppIcon;
				DEVELOPMENT_TEAM = XU68B324A5;
				INFOPLIST_FILE = "msv-livestream-stub/Info.plist";
				LD_RUNPATH_SEARCH_PATHS = "$(inherited) @executable_path/Frameworks";
				PRODUCT_BUNDLE_IDENTIFIER = "ru.rhorse.msv-livestream-stub";
				SWIFT_VERSION = 3.0;
				SWIFT_SUPPRESS_WARNINGS = YES;
				ALWAYS_EMBED_SWIFT_STANDARD_LIBRARIES = YES;
				PRODUCT_NAME = "$(TARGET_NAME)";
			};
			name = Debug;
		};
		95B21AB91EFAC420009F903A /* Release */ = {
			isa = XCBuildConfiguration;
			buildSettings = {
				ASSETCATALOG_COMPILER_APPICON_NAME = AppIcon;
				DEVELOPMENT_TEAM = XU68B324A5;
				INFOPLIST_FILE = "msv-livestream-stub/Info.plist";
				LD_RUNPATH_SEARCH_PATHS = "$(inherited) @executable_path/Frameworks";
				PRODUCT_BUNDLE_IDENTIFIER = "ru.rhorse.msv-livestream-stub";
				SWIFT_VERSION = 3.0;
				SWIFT_SUPPRESS_WARNINGS = YES;
				ALWAYS_EMBED_SWIFT_STANDARD_LIBRARIES = YES;
				PRODUCT_NAME = "$(TARGET_NAME)";
			};
			name = Release;
		};
/* End XCBuildConfiguration section */

/* Begin XCConfigurationList section */
		95B21A9B1EFAC41F009F903A /* Build configuration list for PBXProject "msv-livestream-stub" */ = {
			isa = XCConfigurationList;
			buildConfigurations = (
				95B21AB51EFAC420009F903A /* Debug */,
				95B21AB61EFAC420009F903A /* Release */,
			);
			defaultConfigurationIsVisible = 0;
			defaultConfigurationName = Release;
		};
		95B21AB71EFAC420009F903A /* Build configuration list for PBXNativeTarget "msv-livestream-stub" */ = {
			isa = XCConfigurationList;
			buildConfigurations = (
				95B21AB81EFAC420009F903A /* Debug */,
				95B21AB91EFAC420009F903A /* Release */,
			);
			defaultConfigurationIsVisible = 0;
			defaultConfigurationName = Release;
		};
/* End XCConfigurationList section */
	};
	rootObject = 95B21A981EFAC41F009F903A /* Project object */;
}
